
Microsoft Visual Studio Solution File, Format Version 12.00
# Visual Studio Version 17
VisualStudioVersion = 17.5.002.0
MinimumVisualStudioVersion = 10.0.40219.1
Project("{9A19103F-16F7-4668-BE54-9A1E7A4F7556}") = "CollaboratorsCRUD", "CollaboratorsCRUD\CollaboratorsCRUD.csproj", "{20FCB791-4C1F-49D5-9E9B-511E6C9C90C2}"
EndProject
Global
	GlobalSection(SolutionConfigurationPlatforms) = preSolution
		Debug|Any CPU = Debug|Any CPU
		Release|Any CPU = Release|Any CPU
	EndGlobalSection
	GlobalSection(ProjectConfigurationPlatforms) = postSolution
		{20FCB791-4C1F-49D5-9E9B-511E6C9C90C2}.Debug|Any CPU.ActiveCfg = Debug|Any CPU
		{20FCB791-4C1F-49D5-9E9B-511E6C9C90C2}.Debug|Any CPU.Build.0 = Debug|Any CPU
		{20FCB791-4C1F-49D5-9E9B-511E6C9C90C2}.Release|Any CPU.ActiveCfg = Release|Any CPU
		{20FCB791-4C1F-49D5-9E9B-511E6C9C90C2}.Release|Any CPU.Build.0 = Release|Any CPU
	EndGlobalSection
	GlobalSection(SolutionProperties) = preSolution
		HideSolutionNode = FALSE
	EndGlobalSection
	GlobalSection(ExtensibilityGlobals) = postSolution
		SolutionGuid = {9D9267E5-C645-4016-85EA-9667C8156013}
	EndGlobalSection
EndGlobal
